
Microsoft Visual Studio Solution File, Format Version 12.00
# Visual Studio Version 17
VisualStudioVersion = 17.9.34728.123
MinimumVisualStudioVersion = 10.0.40219.1
Project("{9A19103F-16F7-4668-BE54-9A1E7A4F7556}") = "SymOntoClay.Common", "SymOntoClay.Common\SymOntoClay.Common.csproj", "{3BB1144C-0C1F-48D2-9B5A-6CDA17E15234}"
EndProject
Project("{9A19103F-16F7-4668-BE54-9A1E7A4F7556}") = "TestSandBox", "TestSandBox\TestSandBox.csproj", "{DDD25E28-B376-4600-9BB0-4E4B00F3A5FD}"
EndProject
Project("{9A19103F-16F7-4668-BE54-9A1E7A4F7556}") = "SymOntoClay.CLI.Helpers", "SymOntoClay.CLI.Helpers\SymOntoClay.CLI.Helpers.csproj", "{28D6E78C-C1A5-4073-9C4E-13BD0B4B49D7}"
EndProject
Project("{2150E333-8FDC-42A3-9474-1A3956D46DE8}") = "Tests", "Tests", "{08AC14AB-A2AF-4217-8C74-2E257498745F}"
EndProject
Project("{9A19103F-16F7-4668-BE54-9A1E7A4F7556}") = "SymOntoClay.CLI.Helpers.Tests", "SymOntoClay.CLI.Helpers.Tests\SymOntoClay.CLI.Helpers.Tests.csproj", "{02C9A186-4E6D-45BA-BCE6-07282CEFC6EC}"
EndProject
Project("{9A19103F-16F7-4668-BE54-9A1E7A4F7556}") = "SymOntoClay.Common.Tests", "SymOntoClay.Common.Tests\SymOntoClay.Common.Tests.csproj", "{4E2AEE92-BEF0-4E8B-B158-E1EB45667C52}"
EndProject
Project("{9A19103F-16F7-4668-BE54-9A1E7A4F7556}") = "SymOntoClay.Threading", "SymOntoClay.Threading\SymOntoClay.Threading.csproj", "{A2D8E3F2-FD35-4407-A211-A232111A6D0C}"
EndProject
Project("{FAE04EC0-301F-11D3-BF4B-00C04F79EFBC}") = "SymOntoClay.Threading.Tests", "SymOntoClay.Threading.Tests\SymOntoClay.Threading.Tests.csproj", "{F3ECC3F9-3DB5-4375-A4D9-C444860A5D5E}"
EndProject
Global
	GlobalSection(SolutionConfigurationPlatforms) = preSolution
		Debug|Any CPU = Debug|Any CPU
		Release|Any CPU = Release|Any CPU
	EndGlobalSection
	GlobalSection(ProjectConfigurationPlatforms) = postSolution
		{3BB1144C-0C1F-48D2-9B5A-6CDA17E15234}.Debug|Any CPU.ActiveCfg = Debug|Any CPU
		{3BB1144C-0C1F-48D2-9B5A-6CDA17E15234}.Debug|Any CPU.Build.0 = Debug|Any CPU
		{3BB1144C-0C1F-48D2-9B5A-6CDA17E15234}.Release|Any CPU.ActiveCfg = Release|Any CPU
		{3BB1144C-0C1F-48D2-9B5A-6CDA17E15234}.Release|Any CPU.Build.0 = Release|Any CPU
		{DDD25E28-B376-4600-9BB0-4E4B00F3A5FD}.Debug|Any CPU.ActiveCfg = Debug|Any CPU
		{DDD25E28-B376-4600-9BB0-4E4B00F3A5FD}.Debug|Any CPU.Build.0 = Debug|Any CPU
		{DDD25E28-B376-4600-9BB0-4E4B00F3A5FD}.Release|Any CPU.ActiveCfg = Release|Any CPU
		{DDD25E28-B376-4600-9BB0-4E4B00F3A5FD}.Release|Any CPU.Build.0 = Release|Any CPU
		{28D6E78C-C1A5-4073-9C4E-13BD0B4B49D7}.Debug|Any CPU.ActiveCfg = Debug|Any CPU
		{28D6E78C-C1A5-4073-9C4E-13BD0B4B49D7}.Debug|Any CPU.Build.0 = Debug|Any CPU
		{28D6E78C-C1A5-4073-9C4E-13BD0B4B49D7}.Release|Any CPU.ActiveCfg = Release|Any CPU
		{28D6E78C-C1A5-4073-9C4E-13BD0B4B49D7}.Release|Any CPU.Build.0 = Release|Any CPU
		{02C9A186-4E6D-45BA-BCE6-07282CEFC6EC}.Debug|Any CPU.ActiveCfg = Debug|Any CPU
		{02C9A186-4E6D-45BA-BCE6-07282CEFC6EC}.Debug|Any CPU.Build.0 = Debug|Any CPU
		{02C9A186-4E6D-45BA-BCE6-07282CEFC6EC}.Release|Any CPU.ActiveCfg = Release|Any CPU
		{02C9A186-4E6D-45BA-BCE6-07282CEFC6EC}.Release|Any CPU.Build.0 = Release|Any CPU
		{4E2AEE92-BEF0-4E8B-B158-E1EB45667C52}.Debug|Any CPU.ActiveCfg = Debug|Any CPU
		{4E2AEE92-BEF0-4E8B-B158-E1EB45667C52}.Debug|Any CPU.Build.0 = Debug|Any CPU
		{4E2AEE92-BEF0-4E8B-B158-E1EB45667C52}.Release|Any CPU.ActiveCfg = Release|Any CPU
		{4E2AEE92-BEF0-4E8B-B158-E1EB45667C52}.Release|Any CPU.Build.0 = Release|Any CPU
		{A2D8E3F2-FD35-4407-A211-A232111A6D0C}.Debug|Any CPU.ActiveCfg = Debug|Any CPU
		{A2D8E3F2-FD35-4407-A211-A232111A6D0C}.Debug|Any CPU.Build.0 = Debug|Any CPU
		{A2D8E3F2-FD35-4407-A211-A232111A6D0C}.Release|Any CPU.ActiveCfg = Release|Any CPU
		{A2D8E3F2-FD35-4407-A211-A232111A6D0C}.Release|Any CPU.Build.0 = Release|Any CPU
		{F3ECC3F9-3DB5-4375-A4D9-C444860A5D5E}.Debug|Any CPU.ActiveCfg = Debug|Any CPU
		{F3ECC3F9-3DB5-4375-A4D9-C444860A5D5E}.Debug|Any CPU.Build.0 = Debug|Any CPU
		{F3ECC3F9-3DB5-4375-A4D9-C444860A5D5E}.Release|Any CPU.ActiveCfg = Release|Any CPU
		{F3ECC3F9-3DB5-4375-A4D9-C444860A5D5E}.Release|Any CPU.Build.0 = Release|Any CPU
	EndGlobalSection
	GlobalSection(SolutionProperties) = preSolution
		HideSolutionNode = FALSE
	EndGlobalSection
	GlobalSection(NestedProjects) = preSolution
		{02C9A186-4E6D-45BA-BCE6-07282CEFC6EC} = {08AC14AB-A2AF-4217-8C74-2E257498745F}
		{4E2AEE92-BEF0-4E8B-B158-E1EB45667C52} = {08AC14AB-A2AF-4217-8C74-2E257498745F}
		{F3ECC3F9-3DB5-4375-A4D9-C444860A5D5E} = {08AC14AB-A2AF-4217-8C74-2E257498745F}
	EndGlobalSection
	GlobalSection(ExtensibilityGlobals) = postSolution
		SolutionGuid = {5AC71DAB-4DAC-4F3D-AD79-8017E4513458}
	EndGlobalSection
EndGlobal
